
Microsoft Visual Studio Solution File, Format Version 12.00
# Visual Studio Version 17
VisualStudioVersion = 17.14.36717.8 d17.14
MinimumVisualStudioVersion = 10.0.40219.1
Project("{FAE04EC0-301F-11D3-BF4B-00C04F79EFBC}") = "WindowsFormsApp1", "WindowsFormsApp1.csproj", "{BCA5A825-5ECF-45D5-8FA1-0AF7E8A565FE}"
EndProject
Global
	GlobalSection(SolutionConfigurationPlatforms) = preSolution
		Debug|Any CPU = Debug|Any CPU
		Release|Any CPU = Release|Any CPU
	EndGlobalSection
	GlobalSection(ProjectConfigurationPlatforms) = postSolution
		{BCA5A825-5ECF-45D5-8FA1-0AF7E8A565FE}.Debug|Any CPU.ActiveCfg = Debug|Any CPU
		{BCA5A825-5ECF-45D5-8FA1-0AF7E8A565FE}.Debug|Any CPU.Build.0 = Debug|Any CPU
		{BCA5A825-5ECF-45D5-8FA1-0AF7E8A565FE}.Release|Any CPU.ActiveCfg = Release|Any CPU
		{BCA5A825-5ECF-45D5-8FA1-0AF7E8A565FE}.Release|Any CPU.Build.0 = Release|Any CPU
	EndGlobalSection
	GlobalSection(SolutionProperties) = preSolution
		HideSolutionNode = FALSE
	EndGlobalSection
	GlobalSection(ExtensibilityGlobals) = postSolution
		SolutionGuid = {4FC37732-1DD3-4098-8373-9D4B4A82A010}
	EndGlobalSection
EndGlobal
